
Microsoft Visual Studio Solution File, Format Version 12.00
# Visual Studio Version 17
VisualStudioVersion = 17.8.34601.278
MinimumVisualStudioVersion = 10.0.40219.1
Project("{FAE04EC0-301F-11D3-BF4B-00C04F79EFBC}") = "ExampleOne", "ExampleOne\ExampleOne.csproj", "{B19D590B-DC8A-4061-ACCB-81793347C6AF}"
EndProject
Global
	GlobalSection(SolutionConfigurationPlatforms) = preSolution
		Debug|Any CPU = Debug|Any CPU
		Release|Any CPU = Release|Any CPU
	EndGlobalSection
	GlobalSection(ProjectConfigurationPlatforms) = postSolution
		{B19D590B-DC8A-4061-ACCB-81793347C6AF}.Debug|Any CPU.ActiveCfg = Debug|Any CPU
		{B19D590B-DC8A-4061-ACCB-81793347C6AF}.Debug|Any CPU.Build.0 = Debug|Any CPU
		{B19D590B-DC8A-4061-ACCB-81793347C6AF}.Release|Any CPU.ActiveCfg = Release|Any CPU
		{B19D590B-DC8A-4061-ACCB-81793347C6AF}.Release|Any CPU.Build.0 = Release|Any CPU
	EndGlobalSection
	GlobalSection(SolutionProperties) = preSolution
		HideSolutionNode = FALSE
	EndGlobalSection
	GlobalSection(ExtensibilityGlobals) = postSolution
		SolutionGuid = {79C710D6-330B-4A0F-A349-7FA045674A65}
	EndGlobalSection
EndGlobal
